// !$*UTF8*$!
{
	archiveVersion = 1;
	classes = {
	};
	objectVersion = 77;
	objects = {

/* Begin PBXBuildFile section */
		010000000000000000000001 /* AppVersion.swift in Sources */ = {isa = PBXBuildFile; fileRef = 020000000000000000000001 /* AppVersion.swift */; };
		010000000000000000000002 /* AzCopyLocator.swift in Sources */ = {isa = PBXBuildFile; fileRef = 020000000000000000000002 /* AzCopyLocator.swift */; };
		010000000000000000000003 /* AuthenticationMethod.swift in Sources */ = {isa = PBXBuildFile; fileRef = 020000000000000000000003 /* AuthenticationMethod.swift */; };
		010000000000000000000004 /* AzCopyCommandBuilder.swift in Sources */ = {isa = PBXBuildFile; fileRef = 020000000000000000000004 /* AzCopyCommandBuilder.swift */; };
		010000000000000000000005 /* CredentialRedactor.swift in Sources */ = {isa = PBXBuildFile; fileRef = 020000000000000000000005 /* CredentialRedactor.swift */; };
		010000000000000000000006 /* SecurityPolicy.swift in Sources */ = {isa = PBXBuildFile; fileRef = 020000000000000000000006 /* SecurityPolicy.swift */; };
		010000000000000000000007 /* AzCopyProcessRunner.swift in Sources */ = {isa = PBXBuildFile; fileRef = 020000000000000000000007 /* AzCopyProcessRunner.swift */; };
		010000000000000000000008 /* AzCopyMacUIApp.swift in Sources */ = {isa = PBXBuildFile; fileRef = 020000000000000000000008 /* AzCopyMacUIApp.swift */; };
		010000000000000000000009 /* AppModel.swift in Sources */ = {isa = PBXBuildFile; fileRef = 020000000000000000000009 /* AppModel.swift */; };
		01000000000000000000000A /* ContentView.swift in Sources */ = {isa = PBXBuildFile; fileRef = 02000000000000000000000A /* ContentView.swift */; };
		01000000000000000000000B /* Assets.xcassets in Resources */ = {isa = PBXBuildFile; fileRef = 02000000000000000000000B /* Assets.xcassets */; };
		01000000000000000000000C /* AzCopyMacUICore.framework in Frameworks */ = {isa = PBXBuildFile; fileRef = 02000000000000000000000C /* AzCopyMacUICore.framework */; };
		01000000000000000000000D /* AzCopyMacUICore.framework in Embed Frameworks */ = {isa = PBXBuildFile; fileRef = 02000000000000000000000C /* AzCopyMacUICore.framework */; settings = {ATTRIBUTES = (CodeSignOnCopy, RemoveHeadersOnCopy, ); }; };
		01000000000000000000000E /* AzCopyMacUIIcon.icns in Resources */ = {isa = PBXBuildFile; fileRef = 020000000000000000000010 /* AzCopyMacUIIcon.icns */; };
/* End PBXBuildFile section */

/* Begin PBXContainerItemProxy section */
		030000000000000000000001 /* PBXContainerItemProxy */ = {
			isa = PBXContainerItemProxy;
			containerPortal = 040000000000000000000001 /* Project object */;
			proxyType = 1;
			remoteGlobalIDString = 050000000000000000000002;
			remoteInfo = AzCopyMacUICore;
		};
/* End PBXContainerItemProxy section */

/* Begin PBXCopyFilesBuildPhase section */
		060000000000000000000001 /* Embed Frameworks */ = {
			isa = PBXCopyFilesBuildPhase;
			buildActionMask = 2147483647;
			dstPath = "";
			dstSubfolderSpec = 10;
			files = (
				01000000000000000000000D /* AzCopyMacUICore.framework in Embed Frameworks */,
			);
			name = "Embed Frameworks";
			runOnlyForDeploymentPostprocessing = 0;
		};
/* End PBXCopyFilesBuildPhase section */

/* Begin PBXFileReference section */
		020000000000000000000001 /* AppVersion.swift */ = {isa = PBXFileReference; lastKnownFileType = sourcecode.swift; path = AppVersion.swift; sourceTree = "<group>"; };
		020000000000000000000002 /* AzCopyLocator.swift */ = {isa = PBXFileReference; lastKnownFileType = sourcecode.swift; path = AzCopyLocator.swift; sourceTree = "<group>"; };
		020000000000000000000003 /* AuthenticationMethod.swift */ = {isa = PBXFileReference; lastKnownFileType = sourcecode.swift; path = AuthenticationMethod.swift; sourceTree = "<group>"; };
		020000000000000000000004 /* AzCopyCommandBuilder.swift */ = {isa = PBXFileReference; lastKnownFileType = sourcecode.swift; path = AzCopyCommandBuilder.swift; sourceTree = "<group>"; };
		020000000000000000000005 /* CredentialRedactor.swift */ = {isa = PBXFileReference; lastKnownFileType = sourcecode.swift; path = CredentialRedactor.swift; sourceTree = "<group>"; };
		020000000000000000000006 /* SecurityPolicy.swift */ = {isa = PBXFileReference; lastKnownFileType = sourcecode.swift; path = SecurityPolicy.swift; sourceTree = "<group>"; };
		020000000000000000000007 /* AzCopyProcessRunner.swift */ = {isa = PBXFileReference; lastKnownFileType = sourcecode.swift; path = AzCopyProcessRunner.swift; sourceTree = "<group>"; };
		020000000000000000000008 /* AzCopyMacUIApp.swift */ = {isa = PBXFileReference; lastKnownFileType = sourcecode.swift; path = AzCopyMacUIApp.swift; sourceTree = "<group>"; };
		020000000000000000000009 /* AppModel.swift */ = {isa = PBXFileReference; lastKnownFileType = sourcecode.swift; path = AppModel.swift; sourceTree = "<group>"; };
		02000000000000000000000A /* ContentView.swift */ = {isa = PBXFileReference; lastKnownFileType = sourcecode.swift; path = ContentView.swift; sourceTree = "<group>"; };
		02000000000000000000000B /* Assets.xcassets */ = {isa = PBXFileReference; lastKnownFileType = folder.assetcatalog; path = AzCopyMacUI/Resources/Assets.xcassets; sourceTree = SOURCE_ROOT; };
		02000000000000000000000C /* AzCopyMacUICore.framework */ = {isa = PBXFileReference; explicitFileType = wrapper.framework; includeInIndex = 0; path = AzCopyMacUICore.framework; sourceTree = BUILT_PRODUCTS_DIR; };
		02000000000000000000000D /* AzCopy Mac UI.app */ = {isa = PBXFileReference; explicitFileType = wrapper.application; includeInIndex = 0; path = "AzCopy Mac UI.app"; sourceTree = BUILT_PRODUCTS_DIR; };
		02000000000000000000000E /* Info.plist */ = {isa = PBXFileReference; lastKnownFileType = text.plist.xml; path = AzCopyMacUI/Info.plist; sourceTree = SOURCE_ROOT; };
		02000000000000000000000F /* AzCopyMacUI.entitlements */ = {isa = PBXFileReference; lastKnownFileType = text.plist.entitlements; path = AzCopyMacUI/AzCopyMacUI.entitlements; sourceTree = SOURCE_ROOT; };
		020000000000000000000010 /* AzCopyMacUIIcon.icns */ = {isa = PBXFileReference; lastKnownFileType = image.icns; path = AzCopyMacUI/Resources/AzCopyMacUIIcon.icns; sourceTree = SOURCE_ROOT; };
/* End PBXFileReference section */

/* Begin PBXFrameworksBuildPhase section */
		070000000000000000000001 /* Frameworks */ = {
			isa = PBXFrameworksBuildPhase;
			buildActionMask = 2147483647;
			files = (
				01000000000000000000000C /* AzCopyMacUICore.framework in Frameworks */,
			);
			runOnlyForDeploymentPostprocessing = 0;
		};
		070000000000000000000002 /* Frameworks */ = {
			isa = PBXFrameworksBuildPhase;
			buildActionMask = 2147483647;
			files = (
			);
			runOnlyForDeploymentPostprocessing = 0;
		};
/* End PBXFrameworksBuildPhase section */

/* Begin PBXGroup section */
		080000000000000000000001 = {
			isa = PBXGroup;
			children = (
				080000000000000000000002 /* Sources */,
				080000000000000000000005 /* Resources */,
				080000000000000000000006 /* Products */,
			);
			sourceTree = "<group>";
		};
		080000000000000000000002 /* Sources */ = {
			isa = PBXGroup;
			children = (
				080000000000000000000003 /* AzCopyMacUICore */,
				080000000000000000000004 /* AzCopyMacUI */,
			);
			path = Sources;
			sourceTree = "<group>";
		};
		080000000000000000000003 /* AzCopyMacUICore */ = {
			isa = PBXGroup;
			children = (
				020000000000000000000001 /* AppVersion.swift */,
				020000000000000000000002 /* AzCopyLocator.swift */,
				020000000000000000000003 /* AuthenticationMethod.swift */,
				020000000000000000000004 /* AzCopyCommandBuilder.swift */,
				020000000000000000000005 /* CredentialRedactor.swift */,
				020000000000000000000006 /* SecurityPolicy.swift */,
				020000000000000000000007 /* AzCopyProcessRunner.swift */,
			);
			path = AzCopyMacUICore;
			sourceTree = "<group>";
		};
		080000000000000000000004 /* AzCopyMacUI */ = {
			isa = PBXGroup;
			children = (
				020000000000000000000008 /* AzCopyMacUIApp.swift */,
				020000000000000000000009 /* AppModel.swift */,
				02000000000000000000000A /* ContentView.swift */,
			);
			path = AzCopyMacUI;
			sourceTree = "<group>";
		};
		080000000000000000000005 /* Resources */ = {
			isa = PBXGroup;
			children = (
				02000000000000000000000B /* Assets.xcassets */,
				020000000000000000000010 /* AzCopyMacUIIcon.icns */,
				02000000000000000000000E /* Info.plist */,
				02000000000000000000000F /* AzCopyMacUI.entitlements */,
			);
			name = Resources;
			sourceTree = "<group>";
		};
		080000000000000000000006 /* Products */ = {
			isa = PBXGroup;
			children = (
				02000000000000000000000D /* AzCopy Mac UI.app */,
				02000000000000000000000C /* AzCopyMacUICore.framework */,
			);
			name = Products;
			sourceTree = "<group>";
		};
/* End PBXGroup section */

/* Begin PBXNativeTarget section */
		050000000000000000000001 /* AzCopyMacUI */ = {
			isa = PBXNativeTarget;
			buildConfigurationList = 090000000000000000000003 /* Build configuration list for PBXNativeTarget "AzCopyMacUI" */;
			buildPhases = (
				0A0000000000000000000001 /* Sources */,
				070000000000000000000001 /* Frameworks */,
				0B0000000000000000000001 /* Resources */,
				060000000000000000000001 /* Embed Frameworks */,
			);
			buildRules = (
			);
			dependencies = (
				0C0000000000000000000001 /* PBXTargetDependency */,
			);
			name = AzCopyMacUI;
			productName = "AzCopy Mac UI";
			productReference = 02000000000000000000000D /* AzCopy Mac UI.app */;
			productType = "com.apple.product-type.application";
		};
		050000000000000000000002 /* AzCopyMacUICore */ = {
			isa = PBXNativeTarget;
			buildConfigurationList = 090000000000000000000004 /* Build configuration list for PBXNativeTarget "AzCopyMacUICore" */;
			buildPhases = (
				0A0000000000000000000002 /* Sources */,
				070000000000000000000002 /* Frameworks */,
			);
			buildRules = (
			);
			dependencies = (
			);
			name = AzCopyMacUICore;
			productName = AzCopyMacUICore;
			productReference = 02000000000000000000000C /* AzCopyMacUICore.framework */;
			productType = "com.apple.product-type.framework";
		};
/* End PBXNativeTarget section */

/* Begin PBXProject section */
		040000000000000000000001 /* Project object */ = {
			isa = PBXProject;
			attributes = {
				BuildIndependentTargetsInParallel = 1;
				LastSwiftUpdateCheck = 2630;
				LastUpgradeCheck = 2630;
				TargetAttributes = {
					050000000000000000000001 = {
						CreatedOnToolsVersion = 26.3;
					};
					050000000000000000000002 = {
						CreatedOnToolsVersion = 26.3;
					};
				};
			};
			buildConfigurationList = 090000000000000000000001 /* Build configuration list for PBXProject "AzCopyMacUI" */;
			developmentRegion = en;
			hasScannedForEncodings = 0;
			knownRegions = (
				en,
				Base,
			);
			mainGroup = 080000000000000000000001;
			minimizedProjectReferenceProxies = 1;
			preferredProjectObjectVersion = 77;
			productRefGroup = 080000000000000000000006 /* Products */;
			projectDirPath = "";
			projectRoot = "";
			targets = (
				050000000000000000000001 /* AzCopyMacUI */,
				050000000000000000000002 /* AzCopyMacUICore */,
			);
		};
/* End PBXProject section */

/* Begin PBXResourcesBuildPhase section */
		0B0000000000000000000001 /* Resources */ = {
			isa = PBXResourcesBuildPhase;
			buildActionMask = 2147483647;
			files = (
				01000000000000000000000B /* Assets.xcassets in Resources */,
				01000000000000000000000E /* AzCopyMacUIIcon.icns in Resources */,
			);
			runOnlyForDeploymentPostprocessing = 0;
		};
/* End PBXResourcesBuildPhase section */

/* Begin PBXSourcesBuildPhase section */
		0A0000000000000000000001 /* Sources */ = {
			isa = PBXSourcesBuildPhase;
			buildActionMask = 2147483647;
			files = (
				010000000000000000000008 /* AzCopyMacUIApp.swift in Sources */,
				010000000000000000000009 /* AppModel.swift in Sources */,
				01000000000000000000000A /* ContentView.swift in Sources */,
			);
			runOnlyForDeploymentPostprocessing = 0;
		};
		0A0000000000000000000002 /* Sources */ = {
			isa = PBXSourcesBuildPhase;
			buildActionMask = 2147483647;
			files = (
				010000000000000000000001 /* AppVersion.swift in Sources */,
				010000000000000000000002 /* AzCopyLocator.swift in Sources */,
				010000000000000000000003 /* AuthenticationMethod.swift in Sources */,
				010000000000000000000004 /* AzCopyCommandBuilder.swift in Sources */,
				010000000000000000000005 /* CredentialRedactor.swift in Sources */,
				010000000000000000000006 /* SecurityPolicy.swift in Sources */,
				010000000000000000000007 /* AzCopyProcessRunner.swift in Sources */,
			);
			runOnlyForDeploymentPostprocessing = 0;
		};
/* End PBXSourcesBuildPhase section */

/* Begin PBXTargetDependency section */
		0C0000000000000000000001 /* PBXTargetDependency */ = {
			isa = PBXTargetDependency;
			target = 050000000000000000000002 /* AzCopyMacUICore */;
			targetProxy = 030000000000000000000001 /* PBXContainerItemProxy */;
		};
/* End PBXTargetDependency section */

/* Begin XCBuildConfiguration section */
		0D0000000000000000000001 /* Debug */ = {
			isa = XCBuildConfiguration;
			buildSettings = {
				ALWAYS_SEARCH_USER_PATHS = NO;
				ARCHS = arm64;
				CLANG_ANALYZER_NONNULL = YES;
				CLANG_ENABLE_MODULES = YES;
				CLANG_ENABLE_OBJC_ARC = YES;
				CLANG_ENABLE_OBJC_WEAK = YES;
				CLANG_WARN_BLOCK_CAPTURE_AUTORELEASING = YES;
				CLANG_WARN_BOOL_CONVERSION = YES;
				CLANG_WARN_COMMA = YES;
				CLANG_WARN_CONSTANT_CONVERSION = YES;
				CLANG_WARN_DEPRECATED_OBJC_IMPLEMENTATIONS = YES;
				CLANG_WARN_DIRECT_OBJC_ISA_USAGE = YES_ERROR;
				CLANG_WARN_DOCUMENTATION_COMMENTS = YES;
				CLANG_WARN_EMPTY_BODY = YES;
				CLANG_WARN_ENUM_CONVERSION = YES;
				CLANG_WARN_INFINITE_RECURSION = YES;
				CLANG_WARN_INT_CONVERSION = YES;
				CLANG_WARN_NON_LITERAL_NULL_CONVERSION = YES;
				CLANG_WARN_OBJC_IMPLICIT_RETAIN_SELF = YES;
				CLANG_WARN_OBJC_LITERAL_CONVERSION = YES;
				CLANG_WARN_OBJC_ROOT_CLASS = YES_ERROR;
				CLANG_WARN_QUOTED_INCLUDE_IN_FRAMEWORK_HEADER = YES;
				CLANG_WARN_RANGE_LOOP_ANALYSIS = YES;
				CLANG_WARN_STRICT_PROTOTYPES = YES;
				CLANG_WARN_SUSPICIOUS_MOVE = YES;
				CLANG_WARN_UNGUARDED_AVAILABILITY = YES_AGGRESSIVE;
				CLANG_WARN_UNREACHABLE_CODE = YES;
				COPY_PHASE_STRIP = NO;
				DEBUG_INFORMATION_FORMAT = dwarf;
				ENABLE_STRICT_OBJC_MSGSEND = YES;
				ENABLE_TESTABILITY = YES;
				GCC_C_LANGUAGE_STANDARD = gnu17;
				GCC_DYNAMIC_NO_PIC = NO;
				GCC_NO_COMMON_BLOCKS = YES;
				GCC_OPTIMIZATION_LEVEL = 0;
				GCC_WARN_64_TO_32_BIT_CONVERSION = YES;
				GCC_WARN_ABOUT_RETURN_TYPE = YES_ERROR;
				GCC_WARN_UNDECLARED_SELECTOR = YES;
				GCC_WARN_UNINITIALIZED_AUTOS = YES_AGGRESSIVE;
				GCC_WARN_UNUSED_FUNCTION = YES;
				GCC_WARN_UNUSED_VARIABLE = YES;
				MACOSX_DEPLOYMENT_TARGET = 14.0;
				ONLY_ACTIVE_ARCH = YES;
				SDKROOT = macosx;
				SWIFT_ACTIVE_COMPILATION_CONDITIONS = DEBUG;
				SWIFT_VERSION = 6.0;
			};
			name = Debug;
		};
		0D0000000000000000000002 /* Release */ = {
			isa = XCBuildConfiguration;
			buildSettings = {
				ALWAYS_SEARCH_USER_PATHS = NO;
				ARCHS = arm64;
				CLANG_ANALYZER_NONNULL = YES;
				CLANG_ENABLE_MODULES = YES;
				CLANG_ENABLE_OBJC_ARC = YES;
				CLANG_ENABLE_OBJC_WEAK = YES;
				CLANG_WARN_BLOCK_CAPTURE_AUTORELEASING = YES;
				CLANG_WARN_BOOL_CONVERSION = YES;
				CLANG_WARN_COMMA = YES;
				CLANG_WARN_CONSTANT_CONVERSION = YES;
				CLANG_WARN_DEPRECATED_OBJC_IMPLEMENTATIONS = YES;
				CLANG_WARN_DIRECT_OBJC_ISA_USAGE = YES_ERROR;
				CLANG_WARN_DOCUMENTATION_COMMENTS = YES;
				CLANG_WARN_EMPTY_BODY = YES;
				CLANG_WARN_ENUM_CONVERSION = YES;
				CLANG_WARN_INFINITE_RECURSION = YES;
				CLANG_WARN_INT_CONVERSION = YES;
				CLANG_WARN_NON_LITERAL_NULL_CONVERSION = YES;
				CLANG_WARN_OBJC_IMPLICIT_RETAIN_SELF = YES;
				CLANG_WARN_OBJC_LITERAL_CONVERSION = YES;
				CLANG_WARN_OBJC_ROOT_CLASS = YES_ERROR;
				CLANG_WARN_QUOTED_INCLUDE_IN_FRAMEWORK_HEADER = YES;
				CLANG_WARN_RANGE_LOOP_ANALYSIS = YES;
				CLANG_WARN_STRICT_PROTOTYPES = YES;
				CLANG_WARN_SUSPICIOUS_MOVE = YES;
				CLANG_WARN_UNGUARDED_AVAILABILITY = YES_AGGRESSIVE;
				CLANG_WARN_UNREACHABLE_CODE = YES;
				COPY_PHASE_STRIP = NO;
				DEBUG_INFORMATION_FORMAT = "dwarf-with-dsym";
				ENABLE_NS_ASSERTIONS = NO;
				ENABLE_STRICT_OBJC_MSGSEND = YES;
				GCC_C_LANGUAGE_STANDARD = gnu17;
				GCC_NO_COMMON_BLOCKS = YES;
				GCC_WARN_64_TO_32_BIT_CONVERSION = YES;
				GCC_WARN_ABOUT_RETURN_TYPE = YES_ERROR;
				GCC_WARN_UNDECLARED_SELECTOR = YES;
				GCC_WARN_UNINITIALIZED_AUTOS = YES_AGGRESSIVE;
				GCC_WARN_UNUSED_FUNCTION = YES;
				GCC_WARN_UNUSED_VARIABLE = YES;
				MACOSX_DEPLOYMENT_TARGET = 14.0;
				ONLY_ACTIVE_ARCH = NO;
				SDKROOT = macosx;
				SWIFT_COMPILATION_MODE = wholemodule;
				SWIFT_VERSION = 6.0;
			};
			name = Release;
		};
		0D0000000000000000000003 /* Debug */ = {
			isa = XCBuildConfiguration;
			buildSettings = {
				ARCHS = arm64;
				ASSETCATALOG_COMPILER_GLOBAL_ACCENT_COLOR_NAME = AccentColor;
				CODE_SIGN_ENTITLEMENTS = AzCopyMacUI/AzCopyMacUI.entitlements;
				CODE_SIGN_STYLE = Automatic;
				CURRENT_PROJECT_VERSION = 1;
				DEVELOPMENT_TEAM = "";
				ENABLE_HARDENED_RUNTIME = YES;
				GENERATE_INFOPLIST_FILE = NO;
				INFOPLIST_FILE = AzCopyMacUI/Info.plist;
				LD_RUNPATH_SEARCH_PATHS = (
					"$(inherited)",
					"@executable_path/../Frameworks",
				);
				MACOSX_DEPLOYMENT_TARGET = 14.0;
				MARKETING_VERSION = 0.1.1;
				PRODUCT_BUNDLE_IDENTIFIER = "com.github.azcopy-mac-ui";
				PRODUCT_NAME = "AzCopy Mac UI";
				SWIFT_VERSION = 6.0;
			};
			name = Debug;
		};
		0D0000000000000000000004 /* Release */ = {
			isa = XCBuildConfiguration;
			buildSettings = {
				ARCHS = arm64;
				ASSETCATALOG_COMPILER_GLOBAL_ACCENT_COLOR_NAME = AccentColor;
				CODE_SIGN_ENTITLEMENTS = AzCopyMacUI/AzCopyMacUI.entitlements;
				CODE_SIGN_STYLE = Automatic;
				CURRENT_PROJECT_VERSION = 1;
				DEVELOPMENT_TEAM = "";
				ENABLE_HARDENED_RUNTIME = YES;
				GENERATE_INFOPLIST_FILE = NO;
				INFOPLIST_FILE = AzCopyMacUI/Info.plist;
				LD_RUNPATH_SEARCH_PATHS = (
					"$(inherited)",
					"@executable_path/../Frameworks",
				);
				MACOSX_DEPLOYMENT_TARGET = 14.0;
				MARKETING_VERSION = 0.1.1;
				PRODUCT_BUNDLE_IDENTIFIER = "com.github.azcopy-mac-ui";
				PRODUCT_NAME = "AzCopy Mac UI";
				SWIFT_VERSION = 6.0;
			};
			name = Release;
		};
		0D0000000000000000000005 /* Debug */ = {
			isa = XCBuildConfiguration;
			buildSettings = {
				ARCHS = arm64;
				CODE_SIGN_STYLE = Automatic;
				DEFINES_MODULE = YES;
				DYLIB_COMPATIBILITY_VERSION = 1;
				DYLIB_CURRENT_VERSION = 1;
				DYLIB_INSTALL_NAME_BASE = "@rpath";
				GENERATE_INFOPLIST_FILE = YES;
				MACOSX_DEPLOYMENT_TARGET = 14.0;
				MACH_O_TYPE = mh_dylib;
				PRODUCT_BUNDLE_IDENTIFIER = "com.github.azcopy-mac-ui.core";
				PRODUCT_NAME = "$(TARGET_NAME)";
				SKIP_INSTALL = YES;
				SWIFT_VERSION = 6.0;
			};
			name = Debug;
		};
		0D0000000000000000000006 /* Release */ = {
			isa = XCBuildConfiguration;
			buildSettings = {
				ARCHS = arm64;
				CODE_SIGN_STYLE = Automatic;
				DEFINES_MODULE = YES;
				DYLIB_COMPATIBILITY_VERSION = 1;
				DYLIB_CURRENT_VERSION = 1;
				DYLIB_INSTALL_NAME_BASE = "@rpath";
				GENERATE_INFOPLIST_FILE = YES;
				MACOSX_DEPLOYMENT_TARGET = 14.0;
				MACH_O_TYPE = mh_dylib;
				PRODUCT_BUNDLE_IDENTIFIER = "com.github.azcopy-mac-ui.core";
				PRODUCT_NAME = "$(TARGET_NAME)";
				SKIP_INSTALL = YES;
				SWIFT_VERSION = 6.0;
			};
			name = Release;
		};
/* End XCBuildConfiguration section */

/* Begin XCConfigurationList section */
		090000000000000000000001 /* Build configuration list for PBXProject "AzCopyMacUI" */ = {
			isa = XCConfigurationList;
			buildConfigurations = (
				0D0000000000000000000001 /* Debug */,
				0D0000000000000000000002 /* Release */,
			);
			defaultConfigurationIsVisible = 0;
			defaultConfigurationName = Release;
		};
		090000000000000000000003 /* Build configuration list for PBXNativeTarget "AzCopyMacUI" */ = {
			isa = XCConfigurationList;
			buildConfigurations = (
				0D0000000000000000000003 /* Debug */,
				0D0000000000000000000004 /* Release */,
			);
			defaultConfigurationIsVisible = 0;
			defaultConfigurationName = Release;
		};
		090000000000000000000004 /* Build configuration list for PBXNativeTarget "AzCopyMacUICore" */ = {
			isa = XCConfigurationList;
			buildConfigurations = (
				0D0000000000000000000005 /* Debug */,
				0D0000000000000000000006 /* Release */,
			);
			defaultConfigurationIsVisible = 0;
			defaultConfigurationName = Release;
		};
/* End XCConfigurationList section */
	};
	rootObject = 040000000000000000000001 /* Project object */;
}
